// !$*UTF8*$!
{
	archiveVersion = 1;
	classes = {
	};
	objectVersion = 46;
	objects = {

/* Begin PBXBuildFile section */
		27300F441DDD4EE400D391CA /* AppDelegate.swift in Sources */ = {isa = PBXBuildFile; fileRef = 27300F431DDD4EE400D391CA /* AppDelegate.swift */; };
		27300F461DDD4EE400D391CA /* CardViewVC.swift in Sources */ = {isa = PBXBuildFile; fileRef = 27300F451DDD4EE400D391CA /* CardViewVC.swift */; };
		27300F491DDD4EE400D391CA /* Main.storyboard in Resources */ = {isa = PBXBuildFile; fileRef = 27300F471DDD4EE400D391CA /* Main.storyboard */; };
		27300F4B1DDD4EE400D391CA /* Assets.xcassets in Resources */ = {isa = PBXBuildFile; fileRef = 27300F4A1DDD4EE400D391CA /* Assets.xcassets */; };
		27300F4E1DDD4EE400D391CA /* LaunchScreen.storyboard in Resources */ = {isa = PBXBuildFile; fileRef = 27300F4C1DDD4EE400D391CA /* LaunchScreen.storyboard */; };
		27300F561DDD567400D391CA /* WelcomeVC.swift in Sources */ = {isa = PBXBuildFile; fileRef = 27300F551DDD567400D391CA /* WelcomeVC.swift */; };
/* End PBXBuildFile section */

/* Begin PBXFileReference section */
		27300F401DDD4EE400D391CA /* TrumpCards.app */ = {isa = PBXFileReference; explicitFileType = wrapper.application; includeInIndex = 0; path = TrumpCards.app; sourceTree = BUILT_PRODUCTS_DIR; };
		27300F431DDD4EE400D391CA /* AppDelegate.swift */ = {isa = PBXFileReference; lastKnownFileType = sourcecode.swift; path = AppDelegate.swift; sourceTree = "<group>"; };
		27300F451DDD4EE400D391CA /* CardViewVC.swift */ = {isa = PBXFileReference; lastKnownFileType = sourcecode.swift; path = CardViewVC.swift; sourceTree = "<group>"; };
		27300F481DDD4EE400D391CA /* Base */ = {isa = PBXFileReference; lastKnownFileType = file.storyboard; name = Base; path = Base.lproj/Main.storyboard; sourceTree = "<group>"; };
		27300F4A1DDD4EE400D391CA /* Assets.xcassets */ = {isa = PBXFileReference; lastKnownFileType = folder.assetcatalog; path = Assets.xcassets; sourceTree = "<group>"; };
		27300F4D1DDD4EE400D391CA /* Base */ = {isa = PBXFileReference; lastKnownFileType = file.storyboard; name = Base; path = Base.lproj/LaunchScreen.storyboard; sourceTree = "<group>"; };
		27300F4F1DDD4EE400D391CA /* Info.plist */ = {isa = PBXFileReference; lastKnownFileType = text.plist.xml; path = Info.plist; sourceTree = "<group>"; };
		27300F551DDD567400D391CA /* WelcomeVC.swift */ = {isa = PBXFileReference; fileEncoding = 4; lastKnownFileType = sourcecode.swift; path = WelcomeVC.swift; sourceTree = "<group>"; };
/* End PBXFileReference section */

/* Begin PBXFrameworksBuildPhase section */
		27300F3D1DDD4EE400D391CA /* Frameworks */ = {
			isa = PBXFrameworksBuildPhase;
			buildActionMask = 2147483647;
			files = (
			);
			runOnlyForDeploymentPostprocessing = 0;
		};
/* End PBXFrameworksBuildPhase section */

/* Begin PBXGroup section */
		27300F371DDD4EE400D391CA = {
			isa = PBXGroup;
			children = (
				27300F421DDD4EE400D391CA /* TrumpCards */,
				27300F411DDD4EE400D391CA /* Products */,
			);
			sourceTree = "<group>";
		};
		27300F411DDD4EE400D391CA /* Products */ = {
			isa = PBXGroup;
			children = (
				27300F401DDD4EE400D391CA /* TrumpCards.app */,
			);
			name = Products;
			sourceTree = "<group>";
		};
		27300F421DDD4EE400D391CA /* TrumpCards */ = {
			isa = PBXGroup;
			children = (
				27300F431DDD4EE400D391CA /* AppDelegate.swift */,
				27300F451DDD4EE400D391CA /* CardViewVC.swift */,
				27300F551DDD567400D391CA /* WelcomeVC.swift */,
				27300F471DDD4EE400D391CA /* Main.storyboard */,
				27300F4A1DDD4EE400D391CA /* Assets.xcassets */,
				27300F4C1DDD4EE400D391CA /* LaunchScreen.storyboard */,
				27300F4F1DDD4EE400D391CA /* Info.plist */,
			);
			path = TrumpCards;
			sourceTree = "<group>";
		};
/* End PBXGroup section */

/* Begin PBXNativeTarget section */
		27300F3F1DDD4EE400D391CA /* TrumpCards */ = {
			isa = PBXNativeTarget;
			buildConfigurationList = 27300F521DDD4EE400D391CA /* Build configuration list for PBXNativeTarget "TrumpCards" */;
			buildPhases = (
				27300F3C1DDD4EE400D391CA /* Sources */,
				27300F3D1DDD4EE400D391CA /* Frameworks */,
				27300F3E1DDD4EE400D391CA /* Resources */,
			);
			buildRules = (
			);
			dependencies = (
			);
			name = TrumpCards;
			productName = TrumpCards;
			productReference = 27300F401DDD4EE400D391CA /* TrumpCards.app */;
			productType = "com.apple.product-type.application";
		};
/* End PBXNativeTarget section */

/* Begin PBXProject section */
		27300F381DDD4EE400D391CA /* Project object */ = {
			isa = PBXProject;
			attributes = {
				LastSwiftUpdateCheck = 0810;
				LastUpgradeCheck = 0810;
				ORGANIZATIONNAME = TheNewThirty;
				TargetAttributes = {
					27300F3F1DDD4EE400D391CA = {
						CreatedOnToolsVersion = 8.1;
						DevelopmentTeam = YJS2T8N9J3;
						ProvisioningStyle = Automatic;
					};
				};
			};
			buildConfigurationList = 27300F3B1DDD4EE400D391CA /* Build configuration list for PBXProject "TrumpCards" */;
			compatibilityVersion = "Xcode 3.2";
			developmentRegion = English;
			hasScannedForEncodings = 0;
			knownRegions = (
				en,
				Base,
			);
			mainGroup = 27300F371DDD4EE400D391CA;
			productRefGroup = 27300F411DDD4EE400D391CA /* Products */;
			projectDirPath = "";
			projectRoot = "";
			targets = (
				27300F3F1DDD4EE400D391CA /* TrumpCards */,
			);
		};
/* End PBXProject section */

/* Begin PBXResourcesBuildPhase section */
		27300F3E1DDD4EE400D391CA /* Resources */ = {
			isa = PBXResourcesBuildPhase;
			buildActionMask = 2147483647;
			files = (
				27300F4E1DDD4EE400D391CA /* LaunchScreen.storyboard in Resources */,
				27300F4B1DDD4EE400D391CA /* Assets.xcassets in Resources */,
				27300F491DDD4EE400D391CA /* Main.storyboard in Resources */,
			);
			runOnlyForDeploymentPostprocessing = 0;
		};
/* End PBXResourcesBuildPhase section */

/* Begin PBXSourcesBuildPhase section */
		27300F3C1DDD4EE400D391CA /* Sources */ = {
			isa = PBXSourcesBuildPhase;
			buildActionMask = 2147483647;
			files = (
				27300F561DDD567400D391CA /* WelcomeVC.swift in Sources */,
				27300F461DDD4EE400D391CA /* CardViewVC.swift in Sources */,
				27300F441DDD4EE400D391CA /* AppDelegate.swift in Sources */,
			);
			runOnlyForDeploymentPostprocessing = 0;
		};
/* End PBXSourcesBuildPhase section */

/* Begin PBXVariantGroup section */
		27300F471DDD4EE400D391CA /* Main.storyboard */ = {
			isa = PBXVariantGroup;
			children = (
				27300F481DDD4EE400D391CA /* Base */,
			);
			name = Main.storyboard;
			sourceTree = "<group>";
		};
		27300F4C1DDD4EE400D391CA /* LaunchScreen.storyboard */ = {
			isa = PBXVariantGroup;
			children = (
				27300F4D1DDD4EE400D391CA /* Base */,
			);
			name = LaunchScreen.storyboard;
			sourceTree = "<group>";
		};
/* End PBXVariantGroup section */

/* Begin XCBuildConfiguration section */
		27300F501DDD4EE400D391CA /* Debug */ = {
			isa = XCBuildConfiguration;
			buildSettings = {
				ALWAYS_SEARCH_USER_PATHS = NO;
				CLANG_ANALYZER_NONNULL = YES;
				CLANG_CXX_LANGUAGE_STANDARD = "gnu++0x";
				CLANG_CXX_LIBRARY = "libc++";
				CLANG_ENABLE_MODULES = YES;
				CLANG_ENABLE_OBJC_ARC = YES;
				CLANG_WARN_BOOL_CONVERSION = YES;
				CLANG_WARN_CONSTANT_CONVERSION = YES;
				CLANG_WARN_DIRECT_OBJC_ISA_USAGE = YES_ERROR;
				CLANG_WARN_DOCUMENTATION_COMMENTS = YES;
				CLANG_WARN_EMPTY_BODY = YES;
				CLANG_WARN_ENUM_CONVERSION = YES;
				CLANG_WARN_INFINITE_RECURSION = YES;
				CLANG_WARN_INT_CONVERSION = YES;
				CLANG_WARN_OBJC_ROOT_CLASS = YES_ERROR;
				CLANG_WARN_SUSPICIOUS_MOVES = YES;
				CLANG_WARN_UNREACHABLE_CODE = YES;
				CLANG_WARN__DUPLICATE_METHOD_MATCH = YES;
				"CODE_SIGN_IDENTITY[sdk=iphoneos*]" = "iPhone Developer";
				COPY_PHASE_STRIP = NO;
				DEBUG_INFORMATION_FORMAT = dwarf;
				ENABLE_STRICT_OBJC_MSGSEND = YES;
				ENABLE_TESTABILITY = YES;
				GCC_C_LANGUAGE_STANDARD = gnu99;
				GCC_DYNAMIC_NO_PIC = NO;
				GCC_NO_COMMON_BLOCKS = YES;
				GCC_OPTIMIZATION_LEVEL = 0;
				GCC_PREPROCESSOR_DEFINITIONS = (
					"DEBUG=1",
					"$(inherited)",
				);
				GCC_WARN_64_TO_32_BIT_CONVERSION = YES;
				GCC_WARN_ABOUT_RETURN_TYPE = YES_ERROR;
				GCC_WARN_UNDECLARED_SELECTOR = YES;
				GCC_WARN_UNINITIALIZED_AUTOS = YES_AGGRESSIVE;
				GCC_WARN_UNUSED_FUNCTION = YES;
				GCC_WARN_UNUSED_VARIABLE = YES;
				IPHONEOS_DEPLOYMENT_TARGET = 10.1;
				MTL_ENABLE_DEBUG_INFO = YES;
				ONLY_ACTIVE_ARCH = YES;
				SDKROOT = iphoneos;
				SWIFT_ACTIVE_COMPILATION_CONDITIONS = DEBUG;
				SWIFT_OPTIMIZATION_LEVEL = "-Onone";
			};
			name = Debug;
		};
		27300F511DDD4EE400D391CA /* Release */ = {
			isa = XCBuildConfiguration;
			buildSettings = {
				ALWAYS_SEARCH_USER_PATHS = NO;
				CLANG_ANALYZER_NONNULL = YES;
				CLANG_CXX_LANGUAGE_STANDARD = "gnu++0x";
				CLANG_CXX_LIBRARY = "libc++";
				CLANG_ENABLE_MODULES = YES;
				CLANG_ENABLE_OBJC_ARC = YES;
				CLANG_WARN_BOOL_CONVERSION = YES;
				CLANG_WARN_CONSTANT_CONVERSION = YES;
				CLANG_WARN_DIRECT_OBJC_ISA_USAGE = YES_ERROR;
				CLANG_WARN_DOCUMENTATION_COMMENTS = YES;
				CLANG_WARN_EMPTY_BODY = YES;
				CLANG_WARN_ENUM_CONVERSION = YES;
				CLANG_WARN_INFINITE_RECURSION = YES;
				CLANG_WARN_INT_CONVERSION = YES;
				CLANG_WARN_OBJC_ROOT_CLASS = YES_ERROR;
				CLANG_WARN_SUSPICIOUS_MOVES = YES;
				CLANG_WARN_UNREACHABLE_CODE = YES;
				CLANG_WARN__DUPLICATE_METHOD_MATCH = YES;
				"CODE_SIGN_IDENTITY[sdk=iphoneos*]" = "iPhone Developer";
				COPY_PHASE_STRIP = NO;
				DEBUG_INFORMATION_FORMAT = "dwarf-with-dsym";
				ENABLE_NS_ASSERTIONS = NO;
				ENABLE_STRICT_OBJC_MSGSEND = YES;
				GCC_C_LANGUAGE_STANDARD = gnu99;
				GCC_NO_COMMON_BLOCKS = YES;
				GCC_WARN_64_TO_32_BIT_CONVERSION = YES;
				GCC_WARN_ABOUT_RETURN_TYPE = YES_ERROR;
				GCC_WARN_UNDECLARED_SELECTOR = YES;
				GCC_WARN_UNINITIALIZED_AUTOS = YES_AGGRESSIVE;
				GCC_WARN_UNUSED_FUNCTION = YES;
				GCC_WARN_UNUSED_VARIABLE = YES;
				IPHONEOS_DEPLOYMENT_TARGET = 10.1;
				MTL_ENABLE_DEBUG_INFO = NO;
				SDKROOT = iphoneos;
				SWIFT_OPTIMIZATION_LEVEL = "-Owholemodule";
				VALIDATE_PRODUCT = YES;
			};
			name = Release;
		};
		27300F531DDD4EE400D391CA /* Debug */ = {
			isa = XCBuildConfiguration;
			buildSettings = {
				ASSETCATALOG_COMPILER_APPICON_NAME = AppIcon;
				DEVELOPMENT_TEAM = YJS2T8N9J3;
				INFOPLIST_FILE = TrumpCards/Info.plist;
				IPHONEOS_DEPLOYMENT_TARGET = 10.0;
				LD_RUNPATH_SEARCH_PATHS = "$(inherited) @executable_path/Frameworks";
				PRODUCT_BUNDLE_IDENTIFIER = com.thenewthirty.TrumpCards;
				PRODUCT_NAME = "$(TARGET_NAME)";
				SWIFT_VERSION = 3.0;
			};
			name = Debug;
		};
		27300F541DDD4EE400D391CA /* Release */ = {
			isa = XCBuildConfiguration;
			buildSettings = {
				ASSETCATALOG_COMPILER_APPICON_NAME = AppIcon;
				DEVELOPMENT_TEAM = YJS2T8N9J3;
				INFOPLIST_FILE = TrumpCards/Info.plist;
				IPHONEOS_DEPLOYMENT_TARGET = 10.0;
				LD_RUNPATH_SEARCH_PATHS = "$(inherited) @executable_path/Frameworks";
				PRODUCT_BUNDLE_IDENTIFIER = com.thenewthirty.TrumpCards;
				PRODUCT_NAME = "$(TARGET_NAME)";
				SWIFT_VERSION = 3.0;
			};
			name = Release;
		};
/* End XCBuildConfiguration section */

/* Begin XCConfigurationList section */
		27300F3B1DDD4EE400D391CA /* Build configuration list for PBXProject "TrumpCards" */ = {
			isa = XCConfigurationList;
			buildConfigurations = (
				27300F501DDD4EE400D391CA /* Debug */,
				27300F511DDD4EE400D391CA /* Release */,
			);
			defaultConfigurationIsVisible = 0;
			defaultConfigurationName = Release;
		};
		27300F521DDD4EE400D391CA /* Build configuration list for PBXNativeTarget "TrumpCards" */ = {
			isa = XCConfigurationList;
			buildConfigurations = (
				27300F531DDD4EE400D391CA /* Debug */,
				27300F541DDD4EE400D391CA /* Release */,
			);
			defaultConfigurationIsVisible = 0;
			defaultConfigurationName = Release;
		};
/* End XCConfigurationList section */
	};
	rootObject = 27300F381DDD4EE400D391CA /* Project object */;
}
